
Microsoft Visual Studio Solution File, Format Version 10.00
# Visual Studio 2008
Project("{FAE04EC0-301F-11D3-BF4B-00C04F79EFBC}") = "Zen.DirectoryMonitor", "Zen.DirectoryMonitor.csproj", "{705C5A63-ECEA-4588-93E2-2EFCB0788162}"
EndProject
Project("{FAE04EC0-301F-11D3-BF4B-00C04F79EFBC}") = "Zen.Utilities", "..\..\Zen.Lib\Utilities\Zen.Utilities.csproj", "{C505A649-BE90-4E02-AE73-162697F8BEBC}"
EndProject
Project("{FAE04EC0-301F-11D3-BF4B-00C04F79EFBC}") = "Zen.UIControls", "..\..\Zen.Lib\UIControls\Zen.UIControls.csproj", "{1F818512-0936-4239-9867-2BADAA7CE037}"
EndProject
Global
	GlobalSection(SourceCodeControl) = preSolution
		SccNumberOfProjects = 4
		SccProjectUniqueName0 = ..\\..\\Zen.Lib\\Utilities\\Zen.Utilities.csproj
		SccProjectName0 = \u0022$/DotNet/Zen.Lib/Utilities\u0022,\u0020KEAAAAAA
		SccLocalPath0 = ..\\..\\Zen.Lib\\Utilities
		SccProjectUniqueName1 = ..\\..\\Zen.Lib\\UIControls\\Zen.UIControls.csproj
		SccProjectName1 = \u0022$/DotNet/Zen.Lib/UIControls\u0022,\u0020ICAAAAAA
		SccLocalPath1 = ..\\..\\Zen.Lib\\UIControls
		SccLocalPath2 = .
		SccProjectUniqueName3 = Zen.DirectoryMonitor.csproj
		SccLocalPath3 = .
	EndGlobalSection
	GlobalSection(SolutionConfigurationPlatforms) = preSolution
		Debug|Any CPU = Debug|Any CPU
		Release|Any CPU = Release|Any CPU
	EndGlobalSection
	GlobalSection(ProjectConfigurationPlatforms) = postSolution
		{705C5A63-ECEA-4588-93E2-2EFCB0788162}.Debug|Any CPU.ActiveCfg = Debug|Any CPU
		{705C5A63-ECEA-4588-93E2-2EFCB0788162}.Debug|Any CPU.Build.0 = Debug|Any CPU
		{705C5A63-ECEA-4588-93E2-2EFCB0788162}.Release|Any CPU.ActiveCfg = Release|Any CPU
		{705C5A63-ECEA-4588-93E2-2EFCB0788162}.Release|Any CPU.Build.0 = Release|Any CPU
		{C505A649-BE90-4E02-AE73-162697F8BEBC}.Debug|Any CPU.ActiveCfg = Debug|Any CPU
		{C505A649-BE90-4E02-AE73-162697F8BEBC}.Debug|Any CPU.Build.0 = Debug|Any CPU
		{C505A649-BE90-4E02-AE73-162697F8BEBC}.Release|Any CPU.ActiveCfg = Release|Any CPU
		{C505A649-BE90-4E02-AE73-162697F8BEBC}.Release|Any CPU.Build.0 = Release|Any CPU
		{1F818512-0936-4239-9867-2BADAA7CE037}.Debug|Any CPU.ActiveCfg = Debug|Any CPU
		{1F818512-0936-4239-9867-2BADAA7CE037}.Debug|Any CPU.Build.0 = Debug|Any CPU
		{1F818512-0936-4239-9867-2BADAA7CE037}.Release|Any CPU.ActiveCfg = Release|Any CPU
		{1F818512-0936-4239-9867-2BADAA7CE037}.Release|Any CPU.Build.0 = Release|Any CPU
	EndGlobalSection
	GlobalSection(SolutionProperties) = preSolution
		HideSolutionNode = FALSE
	EndGlobalSection
EndGlobal
